
Microsoft Visual Studio Solution File, Format Version 12.00
# Visual Studio Version 17
VisualStudioVersion = 17.9.34607.119
MinimumVisualStudioVersion = 10.0.40219.1
Project("{8BC9CEB8-8B4A-11D0-8D11-00A0C91BC942}") = "Tehtava_1_Summa", "Tehtava_1_Summa\Tehtava_1_Summa.vcxproj", "{A28F8307-89A2-411F-BBEE-EDC1388101A9}"
EndProject
Project("{8BC9CEB8-8B4A-11D0-8D11-00A0C91BC942}") = "Tehtava_2_Tililta_nostaminen", "Tehtava_2_Tililta_nostaminen\Tehtava_2_Tililta_nostaminen.vcxproj", "{68E138F8-F95E-44E1-BB31-FBCE179AE285}"
EndProject
Project("{8BC9CEB8-8B4A-11D0-8D11-00A0C91BC942}") = "Tehtava_3_Rinnakkaista_Pelin_Laskentaa", "Tehtava_3_Rinnakkaista_Pelin_Laskentaa\Tehtava_3_Rinnakkaista_Pelin_Laskentaa.vcxproj", "{5A888C8C-B24A-4A45-9D9F-EEB3EBA48323}"
EndProject
Project("{8BC9CEB8-8B4A-11D0-8D11-00A0C91BC942}") = "Tehtava_4_Asynkronisilla_funktiokutsuilla", "Tehtava_4_Asynkronisilla_funktiokutsuilla\Tehtava_4_Asynkronisilla_funktiokutsuilla.vcxproj", "{717EAEDF-6976-44CC-AD89-D44B03555922}"
EndProject
Project("{8BC9CEB8-8B4A-11D0-8D11-00A0C91BC942}") = "Tehtava_5_Taulukon_kasittely_standardikirjaston_avulla", "Tehtava_5_Taulukon_kaittely_standardikirjaston_avulla\Tehtava_5_Taulukon_kaittely_standardikirjaston_avulla.vcxproj", "{376C9DAA-A1C1-4BF1-BD38-0E12E9B5C20C}"
EndProject
Project("{8BC9CEB8-8B4A-11D0-8D11-00A0C91BC942}") = "Tehtava_6_Pelin_laskentaa_Asynkronisilla", "Tehtava_6_Pelin_laskentaa_Asynkronisilla_Funktiokutsuilla\Tehtava_6_Pelin_laskentaa_Asynkronisilla_Funktiokutsuilla.vcxproj", "{6E8E5A90-5C83-4C56-B55B-BEC481A450A9}"
EndProject
Project("{8BC9CEB8-8B4A-11D0-8D11-00A0C91BC942}") = "Tehtava_8_Log_Ptr_1", "Teht_8_Log_Ptr_1\Teht_8_Log_Ptr_1.vcxproj", "{B05DBE33-30B4-4134-936C-609FA5774CA8}"
EndProject
Project("{8BC9CEB8-8B4A-11D0-8D11-00A0C91BC942}") = "Tehtava_12_Lambda_HitPointsit", "Tehtava_12_Lambda_HitPointsit\Tehtava_12_Lambda_HitPointsit.vcxproj", "{5189D335-C390-45D3-9BEC-C23A89FEE67F}"
EndProject
Project("{8BC9CEB8-8B4A-11D0-8D11-00A0C91BC942}") = "Tehtava_13_Move_Semantiikka", "Tehtava_13_Move_Semantiikka\Tehtava_13_Move_Semantiikka.vcxproj", "{2E7A39CF-9FCA-430F-8586-3BACC2034CAB}"
EndProject
Project("{8BC9CEB8-8B4A-11D0-8D11-00A0C91BC942}") = "Tehtava_14_KopioKonstruktori_ja_Sijoitusoperaattori", "Tehtava_14_KopioKonstruktori_ja_Sijoitusoperaattori\Tehtava_14_KopioKonstruktori_ja_Sijoitusoperaattori.vcxproj", "{AE7BC6EA-128F-4DAD-A53A-EF4E3F38E34B}"
EndProject
Project("{8BC9CEB8-8B4A-11D0-8D11-00A0C91BC942}") = "Tehtava_16_Poikkeukset_tillfail", "Tehtava_16_Poikkeukset_tillfail\Tehtava_16_Poikkeukset_tillfail.vcxproj", "{327BCF8C-2503-47B5-B06D-89CCCA4D1DC5}"
EndProject
Project("{8BC9CEB8-8B4A-11D0-8D11-00A0C91BC942}") = "Sin_Calc_Timer_Testi", "Sin_Calc_Timer_Testi\Sin_Calc_Timer_Testi.vcxproj", "{C07A97EB-15CA-4874-8DE2-6C41190D36EE}"
EndProject
Project("{8BC9CEB8-8B4A-11D0-8D11-00A0C91BC942}") = "example_Scrollaus", "example_Scrollaus\example_Scrollaus.vcxproj", "{162913EC-4637-40D8-A369-9B05F682CBBB}"
EndProject
Project("{8BC9CEB8-8B4A-11D0-8D11-00A0C91BC942}") = "tikkupeli", "tikkupeli\tikkupeli.vcxproj", "{E2E0FC18-B096-45B5-BC94-EECFE6FD4232}"
EndProject
Project("{8BC9CEB8-8B4A-11D0-8D11-00A0C91BC942}") = "Gradiikka_ja_Fysiikka_Projekti", "Gradiikka_ja_Fysiikka_Projekti\Gradiikka_ja_Fysiikka_Projekti.vcxproj", "{330E9D7B-E2E9-43DD-821A-113DE37E091E}"
EndProject
Project("{8BC9CEB8-8B4A-11D0-8D11-00A0C91BC942}") = "Miniprojekti_3_tilajaaika_pokeri", "Miniprojekti_3_tilajaaika_pokeri\Miniprojekti_3_tilajaaika_pokeri.vcxproj", "{E299B9C1-1B08-428C-BCEB-A6C052F1A1C2}"
EndProject
Project("{8BC9CEB8-8B4A-11D0-8D11-00A0C91BC942}") = "Miniprojekti_4_Kirjastojen_Kayttoonotto", "Miniprojekti_4_Kirjastojen_Kayttoonotto\Miniprojekti_4_Kirjastojen_Kayttoonotto.vcxproj", "{9B420FCE-161E-40D2-9E94-D24AF09B14F7}"
EndProject
Project("{8BC9CEB8-8B4A-11D0-8D11-00A0C91BC942}") = "Tyokalut_7_Tehtavia", "Tyokalut_7_Tehtavia\Tyokalut_7_Tehtavia.vcxproj", "{887F6500-A2C7-4F2A-9C69-338EE621633F}"
EndProject
Project("{8BC9CEB8-8B4A-11D0-8D11-00A0C91BC942}") = "UnitTest1", "UnitTest1\UnitTest1.vcxproj", "{486DC7CB-1F7D-4471-BCBC-A80CAE79BF2D}"
EndProject
Project("{8BC9CEB8-8B4A-11D0-8D11-00A0C91BC942}") = "Valgrind_tilit", "Valgrind_tilit\Valgrind_tilit.vcxproj", "{43F4367D-E292-4764-8DD3-17813E1D3969}"
EndProject
Global
	GlobalSection(SolutionConfigurationPlatforms) = preSolution
		Debug|x64 = Debug|x64
		Debug|x86 = Debug|x86
		Release|x64 = Release|x64
		Release|x86 = Release|x86
	EndGlobalSection
	GlobalSection(ProjectConfigurationPlatforms) = postSolution
		{A28F8307-89A2-411F-BBEE-EDC1388101A9}.Debug|x64.ActiveCfg = Debug|x64
		{A28F8307-89A2-411F-BBEE-EDC1388101A9}.Debug|x64.Build.0 = Debug|x64
		{A28F8307-89A2-411F-BBEE-EDC1388101A9}.Debug|x86.ActiveCfg = Debug|Win32
		{A28F8307-89A2-411F-BBEE-EDC1388101A9}.Debug|x86.Build.0 = Debug|Win32
		{A28F8307-89A2-411F-BBEE-EDC1388101A9}.Release|x64.ActiveCfg = Release|x64
		{A28F8307-89A2-411F-BBEE-EDC1388101A9}.Release|x64.Build.0 = Release|x64
		{A28F8307-89A2-411F-BBEE-EDC1388101A9}.Release|x86.ActiveCfg = Release|Win32
		{A28F8307-89A2-411F-BBEE-EDC1388101A9}.Release|x86.Build.0 = Release|Win32
		{68E138F8-F95E-44E1-BB31-FBCE179AE285}.Debug|x64.ActiveCfg = Debug|x64
		{68E138F8-F95E-44E1-BB31-FBCE179AE285}.Debug|x64.Build.0 = Debug|x64
		{68E138F8-F95E-44E1-BB31-FBCE179AE285}.Debug|x86.ActiveCfg = Debug|Win32
		{68E138F8-F95E-44E1-BB31-FBCE179AE285}.Debug|x86.Build.0 = Debug|Win32
		{68E138F8-F95E-44E1-BB31-FBCE179AE285}.Release|x64.ActiveCfg = Release|x64
		{68E138F8-F95E-44E1-BB31-FBCE179AE285}.Release|x64.Build.0 = Release|x64
		{68E138F8-F95E-44E1-BB31-FBCE179AE285}.Release|x86.ActiveCfg = Release|Win32
		{68E138F8-F95E-44E1-BB31-FBCE179AE285}.Release|x86.Build.0 = Release|Win32
		{5A888C8C-B24A-4A45-9D9F-EEB3EBA48323}.Debug|x64.ActiveCfg = Debug|x64
		{5A888C8C-B24A-4A45-9D9F-EEB3EBA48323}.Debug|x64.Build.0 = Debug|x64
		{5A888C8C-B24A-4A45-9D9F-EEB3EBA48323}.Debug|x86.ActiveCfg = Debug|Win32
		{5A888C8C-B24A-4A45-9D9F-EEB3EBA48323}.Debug|x86.Build.0 = Debug|Win32
		{5A888C8C-B24A-4A45-9D9F-EEB3EBA48323}.Release|x64.ActiveCfg = Release|x64
		{5A888C8C-B24A-4A45-9D9F-EEB3EBA48323}.Release|x64.Build.0 = Release|x64
		{5A888C8C-B24A-4A45-9D9F-EEB3EBA48323}.Release|x86.ActiveCfg = Release|Win32
		{5A888C8C-B24A-4A45-9D9F-EEB3EBA48323}.Release|x86.Build.0 = Release|Win32
		{717EAEDF-6976-44CC-AD89-D44B03555922}.Debug|x64.ActiveCfg = Debug|x64
		{717EAEDF-6976-44CC-AD89-D44B03555922}.Debug|x64.Build.0 = Debug|x64
		{717EAEDF-6976-44CC-AD89-D44B03555922}.Debug|x86.ActiveCfg = Debug|Win32
		{717EAEDF-6976-44CC-AD89-D44B03555922}.Debug|x86.Build.0 = Debug|Win32
		{717EAEDF-6976-44CC-AD89-D44B03555922}.Release|x64.ActiveCfg = Release|x64
		{717EAEDF-6976-44CC-AD89-D44B03555922}.Release|x64.Build.0 = Release|x64
		{717EAEDF-6976-44CC-AD89-D44B03555922}.Release|x86.ActiveCfg = Release|Win32
		{717EAEDF-6976-44CC-AD89-D44B03555922}.Release|x86.Build.0 = Release|Win32
		{376C9DAA-A1C1-4BF1-BD38-0E12E9B5C20C}.Debug|x64.ActiveCfg = Debug|x64
		{376C9DAA-A1C1-4BF1-BD38-0E12E9B5C20C}.Debug|x64.Build.0 = Debug|x64
		{376C9DAA-A1C1-4BF1-BD38-0E12E9B5C20C}.Debug|x86.ActiveCfg = Debug|Win32
		{376C9DAA-A1C1-4BF1-BD38-0E12E9B5C20C}.Debug|x86.Build.0 = Debug|Win32
		{376C9DAA-A1C1-4BF1-BD38-0E12E9B5C20C}.Release|x64.ActiveCfg = Release|x64
		{376C9DAA-A1C1-4BF1-BD38-0E12E9B5C20C}.Release|x64.Build.0 = Release|x64
		{376C9DAA-A1C1-4BF1-BD38-0E12E9B5C20C}.Release|x86.ActiveCfg = Release|Win32
		{376C9DAA-A1C1-4BF1-BD38-0E12E9B5C20C}.Release|x86.Build.0 = Release|Win32
		{6E8E5A90-5C83-4C56-B55B-BEC481A450A9}.Debug|x64.ActiveCfg = Debug|x64
		{6E8E5A90-5C83-4C56-B55B-BEC481A450A9}.Debug|x64.Build.0 = Debug|x64
		{6E8E5A90-5C83-4C56-B55B-BEC481A450A9}.Debug|x86.ActiveCfg = Debug|Win32
		{6E8E5A90-5C83-4C56-B55B-BEC481A450A9}.Debug|x86.Build.0 = Debug|Win32
		{6E8E5A90-5C83-4C56-B55B-BEC481A450A9}.Release|x64.ActiveCfg = Release|x64
		{6E8E5A90-5C83-4C56-B55B-BEC481A450A9}.Release|x64.Build.0 = Release|x64
		{6E8E5A90-5C83-4C56-B55B-BEC481A450A9}.Release|x86.ActiveCfg = Release|Win32
		{6E8E5A90-5C83-4C56-B55B-BEC481A450A9}.Release|x86.Build.0 = Release|Win32
		{B05DBE33-30B4-4134-936C-609FA5774CA8}.Debug|x64.ActiveCfg = Debug|x64
		{B05DBE33-30B4-4134-936C-609FA5774CA8}.Debug|x64.Build.0 = Debug|x64
		{B05DBE33-30B4-4134-936C-609FA5774CA8}.Debug|x86.ActiveCfg = Debug|Win32
		{B05DBE33-30B4-4134-936C-609FA5774CA8}.Debug|x86.Build.0 = Debug|Win32
		{B05DBE33-30B4-4134-936C-609FA5774CA8}.Release|x64.ActiveCfg = Release|x64
		{B05DBE33-30B4-4134-936C-609FA5774CA8}.Release|x64.Build.0 = Release|x64
		{B05DBE33-30B4-4134-936C-609FA5774CA8}.Release|x86.ActiveCfg = Release|Win32
		{B05DBE33-30B4-4134-936C-609FA5774CA8}.Release|x86.Build.0 = Release|Win32
		{5189D335-C390-45D3-9BEC-C23A89FEE67F}.Debug|x64.ActiveCfg = Debug|x64
		{5189D335-C390-45D3-9BEC-C23A89FEE67F}.Debug|x64.Build.0 = Debug|x64
		{5189D335-C390-45D3-9BEC-C23A89FEE67F}.Debug|x86.ActiveCfg = Debug|Win32
		{5189D335-C390-45D3-9BEC-C23A89FEE67F}.Debug|x86.Build.0 = Debug|Win32
		{5189D335-C390-45D3-9BEC-C23A89FEE67F}.Release|x64.ActiveCfg = Release|x64
		{5189D335-C390-45D3-9BEC-C23A89FEE67F}.Release|x64.Build.0 = Release|x64
		{5189D335-C390-45D3-9BEC-C23A89FEE67F}.Release|x86.ActiveCfg = Release|Win32
		{5189D335-C390-45D3-9BEC-C23A89FEE67F}.Release|x86.Build.0 = Release|Win32
		{2E7A39CF-9FCA-430F-8586-3BACC2034CAB}.Debug|x64.ActiveCfg = Debug|x64
		{2E7A39CF-9FCA-430F-8586-3BACC2034CAB}.Debug|x64.Build.0 = Debug|x64
		{2E7A39CF-9FCA-430F-8586-3BACC2034CAB}.Debug|x86.ActiveCfg = Debug|Win32
		{2E7A39CF-9FCA-430F-8586-3BACC2034CAB}.Debug|x86.Build.0 = Debug|Win32
		{2E7A39CF-9FCA-430F-8586-3BACC2034CAB}.Release|x64.ActiveCfg = Release|x64
		{2E7A39CF-9FCA-430F-8586-3BACC2034CAB}.Release|x64.Build.0 = Release|x64
		{2E7A39CF-9FCA-430F-8586-3BACC2034CAB}.Release|x86.ActiveCfg = Release|Win32
		{2E7A39CF-9FCA-430F-8586-3BACC2034CAB}.Release|x86.Build.0 = Release|Win32
		{AE7BC6EA-128F-4DAD-A53A-EF4E3F38E34B}.Debug|x64.ActiveCfg = Debug|x64
		{AE7BC6EA-128F-4DAD-A53A-EF4E3F38E34B}.Debug|x64.Build.0 = Debug|x64
		{AE7BC6EA-128F-4DAD-A53A-EF4E3F38E34B}.Debug|x86.ActiveCfg = Debug|Win32
		{AE7BC6EA-128F-4DAD-A53A-EF4E3F38E34B}.Debug|x86.Build.0 = Debug|Win32
		{AE7BC6EA-128F-4DAD-A53A-EF4E3F38E34B}.Release|x64.ActiveCfg = Release|x64
		{AE7BC6EA-128F-4DAD-A53A-EF4E3F38E34B}.Release|x64.Build.0 = Release|x64
		{AE7BC6EA-128F-4DAD-A53A-EF4E3F38E34B}.Release|x86.ActiveCfg = Release|Win32
		{AE7BC6EA-128F-4DAD-A53A-EF4E3F38E34B}.Release|x86.Build.0 = Release|Win32
		{327BCF8C-2503-47B5-B06D-89CCCA4D1DC5}.Debug|x64.ActiveCfg = Debug|x64
		{327BCF8C-2503-47B5-B06D-89CCCA4D1DC5}.Debug|x64.Build.0 = Debug|x64
		{327BCF8C-2503-47B5-B06D-89CCCA4D1DC5}.Debug|x86.ActiveCfg = Debug|Win32
		{327BCF8C-2503-47B5-B06D-89CCCA4D1DC5}.Debug|x86.Build.0 = Debug|Win32
		{327BCF8C-2503-47B5-B06D-89CCCA4D1DC5}.Release|x64.ActiveCfg = Release|x64
		{327BCF8C-2503-47B5-B06D-89CCCA4D1DC5}.Release|x64.Build.0 = Release|x64
		{327BCF8C-2503-47B5-B06D-89CCCA4D1DC5}.Release|x86.ActiveCfg = Release|Win32
		{327BCF8C-2503-47B5-B06D-89CCCA4D1DC5}.Release|x86.Build.0 = Release|Win32
		{C07A97EB-15CA-4874-8DE2-6C41190D36EE}.Debug|x64.ActiveCfg = Debug|x64
		{C07A97EB-15CA-4874-8DE2-6C41190D36EE}.Debug|x64.Build.0 = Debug|x64
		{C07A97EB-15CA-4874-8DE2-6C41190D36EE}.Debug|x86.ActiveCfg = Debug|Win32
		{C07A97EB-15CA-4874-8DE2-6C41190D36EE}.Debug|x86.Build.0 = Debug|Win32
		{C07A97EB-15CA-4874-8DE2-6C41190D36EE}.Release|x64.ActiveCfg = Release|x64
		{C07A97EB-15CA-4874-8DE2-6C41190D36EE}.Release|x64.Build.0 = Release|x64
		{C07A97EB-15CA-4874-8DE2-6C41190D36EE}.Release|x86.ActiveCfg = Release|Win32
		{C07A97EB-15CA-4874-8DE2-6C41190D36EE}.Release|x86.Build.0 = Release|Win32
		{162913EC-4637-40D8-A369-9B05F682CBBB}.Debug|x64.ActiveCfg = Debug|x64
		{162913EC-4637-40D8-A369-9B05F682CBBB}.Debug|x64.Build.0 = Debug|x64
		{162913EC-4637-40D8-A369-9B05F682CBBB}.Debug|x86.ActiveCfg = Debug|Win32
		{162913EC-4637-40D8-A369-9B05F682CBBB}.Debug|x86.Build.0 = Debug|Win32
		{162913EC-4637-40D8-A369-9B05F682CBBB}.Release|x64.ActiveCfg = Release|x64
		{162913EC-4637-40D8-A369-9B05F682CBBB}.Release|x64.Build.0 = Release|x64
		{162913EC-4637-40D8-A369-9B05F682CBBB}.Release|x86.ActiveCfg = Release|Win32
		{162913EC-4637-40D8-A369-9B05F682CBBB}.Release|x86.Build.0 = Release|Win32
		{E2E0FC18-B096-45B5-BC94-EECFE6FD4232}.Debug|x64.ActiveCfg = Debug|x64
		{E2E0FC18-B096-45B5-BC94-EECFE6FD4232}.Debug|x64.Build.0 = Debug|x64
		{E2E0FC18-B096-45B5-BC94-EECFE6FD4232}.Debug|x86.ActiveCfg = Debug|Win32
		{E2E0FC18-B096-45B5-BC94-EECFE6FD4232}.Debug|x86.Build.0 = Debug|Win32
		{E2E0FC18-B096-45B5-BC94-EECFE6FD4232}.Release|x64.ActiveCfg = Release|x64
		{E2E0FC18-B096-45B5-BC94-EECFE6FD4232}.Release|x64.Build.0 = Release|x64
		{E2E0FC18-B096-45B5-BC94-EECFE6FD4232}.Release|x86.ActiveCfg = Release|Win32
		{E2E0FC18-B096-45B5-BC94-EECFE6FD4232}.Release|x86.Build.0 = Release|Win32
		{330E9D7B-E2E9-43DD-821A-113DE37E091E}.Debug|x64.ActiveCfg = Debug|x64
		{330E9D7B-E2E9-43DD-821A-113DE37E091E}.Debug|x64.Build.0 = Debug|x64
		{330E9D7B-E2E9-43DD-821A-113DE37E091E}.Debug|x86.ActiveCfg = Debug|Win32
		{330E9D7B-E2E9-43DD-821A-113DE37E091E}.Debug|x86.Build.0 = Debug|Win32
		{330E9D7B-E2E9-43DD-821A-113DE37E091E}.Release|x64.ActiveCfg = Release|x64
		{330E9D7B-E2E9-43DD-821A-113DE37E091E}.Release|x64.Build.0 = Release|x64
		{330E9D7B-E2E9-43DD-821A-113DE37E091E}.Release|x86.ActiveCfg = Release|Win32
		{330E9D7B-E2E9-43DD-821A-113DE37E091E}.Release|x86.Build.0 = Release|Win32
		{E299B9C1-1B08-428C-BCEB-A6C052F1A1C2}.Debug|x64.ActiveCfg = Debug|x64
		{E299B9C1-1B08-428C-BCEB-A6C052F1A1C2}.Debug|x64.Build.0 = Debug|x64
		{E299B9C1-1B08-428C-BCEB-A6C052F1A1C2}.Debug|x86.ActiveCfg = Debug|Win32
		{E299B9C1-1B08-428C-BCEB-A6C052F1A1C2}.Debug|x86.Build.0 = Debug|Win32
		{E299B9C1-1B08-428C-BCEB-A6C052F1A1C2}.Release|x64.ActiveCfg = Release|x64
		{E299B9C1-1B08-428C-BCEB-A6C052F1A1C2}.Release|x64.Build.0 = Release|x64
		{E299B9C1-1B08-428C-BCEB-A6C052F1A1C2}.Release|x86.ActiveCfg = Release|Win32
		{E299B9C1-1B08-428C-BCEB-A6C052F1A1C2}.Release|x86.Build.0 = Release|Win32
		{9B420FCE-161E-40D2-9E94-D24AF09B14F7}.Debug|x64.ActiveCfg = Debug|x64
		{9B420FCE-161E-40D2-9E94-D24AF09B14F7}.Debug|x64.Build.0 = Debug|x64
		{9B420FCE-161E-40D2-9E94-D24AF09B14F7}.Debug|x86.ActiveCfg = Debug|Win32
		{9B420FCE-161E-40D2-9E94-D24AF09B14F7}.Debug|x86.Build.0 = Debug|Win32
		{9B420FCE-161E-40D2-9E94-D24AF09B14F7}.Release|x64.ActiveCfg = Release|x64
		{9B420FCE-161E-40D2-9E94-D24AF09B14F7}.Release|x64.Build.0 = Release|x64
		{9B420FCE-161E-40D2-9E94-D24AF09B14F7}.Release|x86.ActiveCfg = Release|Win32
		{9B420FCE-161E-40D2-9E94-D24AF09B14F7}.Release|x86.Build.0 = Release|Win32
		{887F6500-A2C7-4F2A-9C69-338EE621633F}.Debug|x64.ActiveCfg = Debug|x64
		{887F6500-A2C7-4F2A-9C69-338EE621633F}.Debug|x64.Build.0 = Debug|x64
		{887F6500-A2C7-4F2A-9C69-338EE621633F}.Debug|x86.ActiveCfg = Debug|Win32
		{887F6500-A2C7-4F2A-9C69-338EE621633F}.Debug|x86.Build.0 = Debug|Win32
		{887F6500-A2C7-4F2A-9C69-338EE621633F}.Release|x64.ActiveCfg = Release|x64
		{887F6500-A2C7-4F2A-9C69-338EE621633F}.Release|x64.Build.0 = Release|x64
		{887F6500-A2C7-4F2A-9C69-338EE621633F}.Release|x86.ActiveCfg = Release|Win32
		{887F6500-A2C7-4F2A-9C69-338EE621633F}.Release|x86.Build.0 = Release|Win32
		{486DC7CB-1F7D-4471-BCBC-A80CAE79BF2D}.Debug|x64.ActiveCfg = Debug|x64
		{486DC7CB-1F7D-4471-BCBC-A80CAE79BF2D}.Debug|x64.Build.0 = Debug|x64
		{486DC7CB-1F7D-4471-BCBC-A80CAE79BF2D}.Debug|x86.ActiveCfg = Debug|Win32
		{486DC7CB-1F7D-4471-BCBC-A80CAE79BF2D}.Debug|x86.Build.0 = Debug|Win32
		{486DC7CB-1F7D-4471-BCBC-A80CAE79BF2D}.Release|x64.ActiveCfg = Release|x64
		{486DC7CB-1F7D-4471-BCBC-A80CAE79BF2D}.Release|x64.Build.0 = Release|x64
		{486DC7CB-1F7D-4471-BCBC-A80CAE79BF2D}.Release|x86.ActiveCfg = Release|Win32
		{486DC7CB-1F7D-4471-BCBC-A80CAE79BF2D}.Release|x86.Build.0 = Release|Win32
		{43F4367D-E292-4764-8DD3-17813E1D3969}.Debug|x64.ActiveCfg = Debug|x64
		{43F4367D-E292-4764-8DD3-17813E1D3969}.Debug|x64.Build.0 = Debug|x64
		{43F4367D-E292-4764-8DD3-17813E1D3969}.Debug|x86.ActiveCfg = Debug|Win32
		{43F4367D-E292-4764-8DD3-17813E1D3969}.Debug|x86.Build.0 = Debug|Win32
		{43F4367D-E292-4764-8DD3-17813E1D3969}.Release|x64.ActiveCfg = Release|x64
		{43F4367D-E292-4764-8DD3-17813E1D3969}.Release|x64.Build.0 = Release|x64
		{43F4367D-E292-4764-8DD3-17813E1D3969}.Release|x86.ActiveCfg = Release|Win32
		{43F4367D-E292-4764-8DD3-17813E1D3969}.Release|x86.Build.0 = Release|Win32
	EndGlobalSection
	GlobalSection(SolutionProperties) = preSolution
		HideSolutionNode = FALSE
	EndGlobalSection
	GlobalSection(ExtensibilityGlobals) = postSolution
		SolutionGuid = {A4A20675-7A06-4740-A2EE-A24E9C76483A}
	EndGlobalSection
EndGlobal
