
Microsoft Visual Studio Solution File, Format Version 12.00
# Visual Studio Version 17
VisualStudioVersion = 17.9.34607.119
MinimumVisualStudioVersion = 10.0.40219.1
Project("{8BC9CEB8-8B4A-11D0-8D11-00A0C91BC942}") = "Tehtava_1_Summa", "Tehtava_1_Summa\Tehtava_1_Summa.vcxproj", "{A28F8307-89A2-411F-BBEE-EDC1388101A9}"
EndProject
Project("{8BC9CEB8-8B4A-11D0-8D11-00A0C91BC942}") = "Tehtava_2_Tililta_nostaminen", "Tehtava_2_Tililta_nostaminen\Tehtava_2_Tililta_nostaminen.vcxproj", "{68E138F8-F95E-44E1-BB31-FBCE179AE285}"
EndProject
Project("{8BC9CEB8-8B4A-11D0-8D11-00A0C91BC942}") = "Tehtava_3_Rinnakkaista_Pelin_Laskentaa", "Tehtava_3_Rinnakkaista_Pelin_Laskentaa\Tehtava_3_Rinnakkaista_Pelin_Laskentaa.vcxproj", "{5A888C8C-B24A-4A45-9D9F-EEB3EBA48323}"
EndProject
Project("{8BC9CEB8-8B4A-11D0-8D11-00A0C91BC942}") = "Tehtava_4_Asynkronisilla_funktiokutsuilla", "Tehtava_4_Asynkronisilla_funktiokutsuilla\Tehtava_4_Asynkronisilla_funktiokutsuilla.vcxproj", "{717EAEDF-6976-44CC-AD89-D44B03555922}"
EndProject
Project("{8BC9CEB8-8B4A-11D0-8D11-00A0C91BC942}") = "Tehtava_5_Taulukon_kaittely_standardikirjaston_avulla", "Tehtava_5_Taulukon_kaittely_standardikirjaston_avulla\Tehtava_5_Taulukon_kaittely_standardikirjaston_avulla.vcxproj", "{376C9DAA-A1C1-4BF1-BD38-0E12E9B5C20C}"
EndProject
Global
	GlobalSection(SolutionConfigurationPlatforms) = preSolution
		Debug|x64 = Debug|x64
		Debug|x86 = Debug|x86
		Release|x64 = Release|x64
		Release|x86 = Release|x86
	EndGlobalSection
	GlobalSection(ProjectConfigurationPlatforms) = postSolution
		{A28F8307-89A2-411F-BBEE-EDC1388101A9}.Debug|x64.ActiveCfg = Debug|x64
		{A28F8307-89A2-411F-BBEE-EDC1388101A9}.Debug|x64.Build.0 = Debug|x64
		{A28F8307-89A2-411F-BBEE-EDC1388101A9}.Debug|x86.ActiveCfg = Debug|Win32
		{A28F8307-89A2-411F-BBEE-EDC1388101A9}.Debug|x86.Build.0 = Debug|Win32
		{A28F8307-89A2-411F-BBEE-EDC1388101A9}.Release|x64.ActiveCfg = Release|x64
		{A28F8307-89A2-411F-BBEE-EDC1388101A9}.Release|x64.Build.0 = Release|x64
		{A28F8307-89A2-411F-BBEE-EDC1388101A9}.Release|x86.ActiveCfg = Release|Win32
		{A28F8307-89A2-411F-BBEE-EDC1388101A9}.Release|x86.Build.0 = Release|Win32
		{68E138F8-F95E-44E1-BB31-FBCE179AE285}.Debug|x64.ActiveCfg = Debug|x64
		{68E138F8-F95E-44E1-BB31-FBCE179AE285}.Debug|x64.Build.0 = Debug|x64
		{68E138F8-F95E-44E1-BB31-FBCE179AE285}.Debug|x86.ActiveCfg = Debug|Win32
		{68E138F8-F95E-44E1-BB31-FBCE179AE285}.Debug|x86.Build.0 = Debug|Win32
		{68E138F8-F95E-44E1-BB31-FBCE179AE285}.Release|x64.ActiveCfg = Release|x64
		{68E138F8-F95E-44E1-BB31-FBCE179AE285}.Release|x64.Build.0 = Release|x64
		{68E138F8-F95E-44E1-BB31-FBCE179AE285}.Release|x86.ActiveCfg = Release|Win32
		{68E138F8-F95E-44E1-BB31-FBCE179AE285}.Release|x86.Build.0 = Release|Win32
		{5A888C8C-B24A-4A45-9D9F-EEB3EBA48323}.Debug|x64.ActiveCfg = Debug|x64
		{5A888C8C-B24A-4A45-9D9F-EEB3EBA48323}.Debug|x64.Build.0 = Debug|x64
		{5A888C8C-B24A-4A45-9D9F-EEB3EBA48323}.Debug|x86.ActiveCfg = Debug|Win32
		{5A888C8C-B24A-4A45-9D9F-EEB3EBA48323}.Debug|x86.Build.0 = Debug|Win32
		{5A888C8C-B24A-4A45-9D9F-EEB3EBA48323}.Release|x64.ActiveCfg = Release|x64
		{5A888C8C-B24A-4A45-9D9F-EEB3EBA48323}.Release|x64.Build.0 = Release|x64
		{5A888C8C-B24A-4A45-9D9F-EEB3EBA48323}.Release|x86.ActiveCfg = Release|Win32
		{5A888C8C-B24A-4A45-9D9F-EEB3EBA48323}.Release|x86.Build.0 = Release|Win32
		{717EAEDF-6976-44CC-AD89-D44B03555922}.Debug|x64.ActiveCfg = Debug|x64
		{717EAEDF-6976-44CC-AD89-D44B03555922}.Debug|x64.Build.0 = Debug|x64
		{717EAEDF-6976-44CC-AD89-D44B03555922}.Debug|x86.ActiveCfg = Debug|Win32
		{717EAEDF-6976-44CC-AD89-D44B03555922}.Debug|x86.Build.0 = Debug|Win32
		{717EAEDF-6976-44CC-AD89-D44B03555922}.Release|x64.ActiveCfg = Release|x64
		{717EAEDF-6976-44CC-AD89-D44B03555922}.Release|x64.Build.0 = Release|x64
		{717EAEDF-6976-44CC-AD89-D44B03555922}.Release|x86.ActiveCfg = Release|Win32
		{717EAEDF-6976-44CC-AD89-D44B03555922}.Release|x86.Build.0 = Release|Win32
		{376C9DAA-A1C1-4BF1-BD38-0E12E9B5C20C}.Debug|x64.ActiveCfg = Debug|x64
		{376C9DAA-A1C1-4BF1-BD38-0E12E9B5C20C}.Debug|x64.Build.0 = Debug|x64
		{376C9DAA-A1C1-4BF1-BD38-0E12E9B5C20C}.Debug|x86.ActiveCfg = Debug|Win32
		{376C9DAA-A1C1-4BF1-BD38-0E12E9B5C20C}.Debug|x86.Build.0 = Debug|Win32
		{376C9DAA-A1C1-4BF1-BD38-0E12E9B5C20C}.Release|x64.ActiveCfg = Release|x64
		{376C9DAA-A1C1-4BF1-BD38-0E12E9B5C20C}.Release|x64.Build.0 = Release|x64
		{376C9DAA-A1C1-4BF1-BD38-0E12E9B5C20C}.Release|x86.ActiveCfg = Release|Win32
		{376C9DAA-A1C1-4BF1-BD38-0E12E9B5C20C}.Release|x86.Build.0 = Release|Win32
	EndGlobalSection
	GlobalSection(SolutionProperties) = preSolution
		HideSolutionNode = FALSE
	EndGlobalSection
	GlobalSection(ExtensibilityGlobals) = postSolution
		SolutionGuid = {A4A20675-7A06-4740-A2EE-A24E9C76483A}
	EndGlobalSection
EndGlobal
